// !$*UTF8*$!
{
	archiveVersion = 1;
	classes = {
	};
	objectVersion = 50;
	objects = {

/* Begin PBXBuildFile section */
		02353E7224CC478D006A71EC /* VIPERSampleApp.swift in Sources */ = {isa = PBXBuildFile; fileRef = 02353E7124CC478D006A71EC /* VIPERSampleApp.swift */; };
		02353E7424CC478D006A71EC /* ContentView.swift in Sources */ = {isa = PBXBuildFile; fileRef = 02353E7324CC478D006A71EC /* ContentView.swift */; };
		02353E7624CC4790006A71EC /* Assets.xcassets in Resources */ = {isa = PBXBuildFile; fileRef = 02353E7524CC4790006A71EC /* Assets.xcassets */; };
		02353E7924CC4790006A71EC /* Preview Assets.xcassets in Resources */ = {isa = PBXBuildFile; fileRef = 02353E7824CC4790006A71EC /* Preview Assets.xcassets */; };
		02353E8424CC4790006A71EC /* VIPERSampleTests.swift in Sources */ = {isa = PBXBuildFile; fileRef = 02353E8324CC4790006A71EC /* VIPERSampleTests.swift */; };
		02353E8F24CC4791006A71EC /* VIPERSampleUITests.swift in Sources */ = {isa = PBXBuildFile; fileRef = 02353E8E24CC4791006A71EC /* VIPERSampleUITests.swift */; };
		02353EA024CC4833006A71EC /* Repository.swift in Sources */ = {isa = PBXBuildFile; fileRef = 02353E9F24CC4833006A71EC /* Repository.swift */; };
		02353EA224CC4A06006A71EC /* SearchResultModel.swift in Sources */ = {isa = PBXBuildFile; fileRef = 02353EA124CC4A06006A71EC /* SearchResultModel.swift */; };
		02353EA424CC4C8C006A71EC /* RepositoryListPresenter.swift in Sources */ = {isa = PBXBuildFile; fileRef = 02353EA324CC4C8C006A71EC /* RepositoryListPresenter.swift */; };
		02353EA624CC4CA4006A71EC /* RepositoryListRouter.swift in Sources */ = {isa = PBXBuildFile; fileRef = 02353EA524CC4CA4006A71EC /* RepositoryListRouter.swift */; };
		02353EA824CC4DA6006A71EC /* RepositoryListInteractor.swift in Sources */ = {isa = PBXBuildFile; fileRef = 02353EA724CC4DA6006A71EC /* RepositoryListInteractor.swift */; };
		02353EAA24CC4DF1006A71EC /* RepositoryListView.swift in Sources */ = {isa = PBXBuildFile; fileRef = 02353EA924CC4DF1006A71EC /* RepositoryListView.swift */; };
		0271DB7724D576A5009CDA8E /* BookmarkListPresenter.swift in Sources */ = {isa = PBXBuildFile; fileRef = 0271DB7624D576A5009CDA8E /* BookmarkListPresenter.swift */; };
		0271DB7924D576B2009CDA8E /* BookmarkListInteractor.swift in Sources */ = {isa = PBXBuildFile; fileRef = 0271DB7824D576B2009CDA8E /* BookmarkListInteractor.swift */; };
		0271DB7B24D576BB009CDA8E /* BookmarkListRouter.swift in Sources */ = {isa = PBXBuildFile; fileRef = 0271DB7A24D576BB009CDA8E /* BookmarkListRouter.swift */; };
		0271DB7D24D576C4009CDA8E /* BookmarkListView.swift in Sources */ = {isa = PBXBuildFile; fileRef = 0271DB7C24D576C4009CDA8E /* BookmarkListView.swift */; };
		0271DB7F24D576D0009CDA8E /* RepositoryDetailPresenter.swift in Sources */ = {isa = PBXBuildFile; fileRef = 0271DB7E24D576D0009CDA8E /* RepositoryDetailPresenter.swift */; };
		0271DB8124D576DD009CDA8E /* RepositoryDetailInteractor.swift in Sources */ = {isa = PBXBuildFile; fileRef = 0271DB8024D576DD009CDA8E /* RepositoryDetailInteractor.swift */; };
		0271DB8324D576E8009CDA8E /* RepositoryDetailRouter.swift in Sources */ = {isa = PBXBuildFile; fileRef = 0271DB8224D576E8009CDA8E /* RepositoryDetailRouter.swift */; };
		0271DB8624D576F6009CDA8E /* RepositoryDetailView.swift in Sources */ = {isa = PBXBuildFile; fileRef = 0271DB8524D576F6009CDA8E /* RepositoryDetailView.swift */; };
/* End PBXBuildFile section */

/* Begin PBXContainerItemProxy section */
		02353E8024CC4790006A71EC /* PBXContainerItemProxy */ = {
			isa = PBXContainerItemProxy;
			containerPortal = 02353E6624CC478D006A71EC /* Project object */;
			proxyType = 1;
			remoteGlobalIDString = 02353E6D24CC478D006A71EC;
			remoteInfo = VIPERSample;
		};
		02353E8B24CC4791006A71EC /* PBXContainerItemProxy */ = {
			isa = PBXContainerItemProxy;
			containerPortal = 02353E6624CC478D006A71EC /* Project object */;
			proxyType = 1;
			remoteGlobalIDString = 02353E6D24CC478D006A71EC;
			remoteInfo = VIPERSample;
		};
/* End PBXContainerItemProxy section */

/* Begin PBXFileReference section */
		02353E6E24CC478D006A71EC /* VIPERSample.app */ = {isa = PBXFileReference; explicitFileType = wrapper.application; includeInIndex = 0; path = VIPERSample.app; sourceTree = BUILT_PRODUCTS_DIR; };
		02353E7124CC478D006A71EC /* VIPERSampleApp.swift */ = {isa = PBXFileReference; lastKnownFileType = sourcecode.swift; path = VIPERSampleApp.swift; sourceTree = "<group>"; };
		02353E7324CC478D006A71EC /* ContentView.swift */ = {isa = PBXFileReference; lastKnownFileType = sourcecode.swift; path = ContentView.swift; sourceTree = "<group>"; };
		02353E7524CC4790006A71EC /* Assets.xcassets */ = {isa = PBXFileReference; lastKnownFileType = folder.assetcatalog; path = Assets.xcassets; sourceTree = "<group>"; };
		02353E7824CC4790006A71EC /* Preview Assets.xcassets */ = {isa = PBXFileReference; lastKnownFileType = folder.assetcatalog; path = "Preview Assets.xcassets"; sourceTree = "<group>"; };
		02353E7A24CC4790006A71EC /* Info.plist */ = {isa = PBXFileReference; lastKnownFileType = text.plist.xml; path = Info.plist; sourceTree = "<group>"; };
		02353E7F24CC4790006A71EC /* VIPERSampleTests.xctest */ = {isa = PBXFileReference; explicitFileType = wrapper.cfbundle; includeInIndex = 0; path = VIPERSampleTests.xctest; sourceTree = BUILT_PRODUCTS_DIR; };
		02353E8324CC4790006A71EC /* VIPERSampleTests.swift */ = {isa = PBXFileReference; lastKnownFileType = sourcecode.swift; path = VIPERSampleTests.swift; sourceTree = "<group>"; };
		02353E8524CC4790006A71EC /* Info.plist */ = {isa = PBXFileReference; lastKnownFileType = text.plist.xml; path = Info.plist; sourceTree = "<group>"; };
		02353E8A24CC4791006A71EC /* VIPERSampleUITests.xctest */ = {isa = PBXFileReference; explicitFileType = wrapper.cfbundle; includeInIndex = 0; path = VIPERSampleUITests.xctest; sourceTree = BUILT_PRODUCTS_DIR; };
		02353E8E24CC4791006A71EC /* VIPERSampleUITests.swift */ = {isa = PBXFileReference; lastKnownFileType = sourcecode.swift; path = VIPERSampleUITests.swift; sourceTree = "<group>"; };
		02353E9024CC4791006A71EC /* Info.plist */ = {isa = PBXFileReference; lastKnownFileType = text.plist.xml; path = Info.plist; sourceTree = "<group>"; };
		02353E9F24CC4833006A71EC /* Repository.swift */ = {isa = PBXFileReference; lastKnownFileType = sourcecode.swift; path = Repository.swift; sourceTree = "<group>"; };
		02353EA124CC4A06006A71EC /* SearchResultModel.swift */ = {isa = PBXFileReference; lastKnownFileType = sourcecode.swift; path = SearchResultModel.swift; sourceTree = "<group>"; };
		02353EA324CC4C8C006A71EC /* RepositoryListPresenter.swift */ = {isa = PBXFileReference; lastKnownFileType = sourcecode.swift; path = RepositoryListPresenter.swift; sourceTree = "<group>"; };
		02353EA524CC4CA4006A71EC /* RepositoryListRouter.swift */ = {isa = PBXFileReference; lastKnownFileType = sourcecode.swift; path = RepositoryListRouter.swift; sourceTree = "<group>"; };
		02353EA724CC4DA6006A71EC /* RepositoryListInteractor.swift */ = {isa = PBXFileReference; lastKnownFileType = sourcecode.swift; path = RepositoryListInteractor.swift; sourceTree = "<group>"; };
		02353EA924CC4DF1006A71EC /* RepositoryListView.swift */ = {isa = PBXFileReference; lastKnownFileType = sourcecode.swift; path = RepositoryListView.swift; sourceTree = "<group>"; };
		0271DB7624D576A5009CDA8E /* BookmarkListPresenter.swift */ = {isa = PBXFileReference; lastKnownFileType = sourcecode.swift; path = BookmarkListPresenter.swift; sourceTree = "<group>"; };
		0271DB7824D576B2009CDA8E /* BookmarkListInteractor.swift */ = {isa = PBXFileReference; lastKnownFileType = sourcecode.swift; path = BookmarkListInteractor.swift; sourceTree = "<group>"; };
		0271DB7A24D576BB009CDA8E /* BookmarkListRouter.swift */ = {isa = PBXFileReference; lastKnownFileType = sourcecode.swift; path = BookmarkListRouter.swift; sourceTree = "<group>"; };
		0271DB7C24D576C4009CDA8E /* BookmarkListView.swift */ = {isa = PBXFileReference; lastKnownFileType = sourcecode.swift; path = BookmarkListView.swift; sourceTree = "<group>"; };
		0271DB7E24D576D0009CDA8E /* RepositoryDetailPresenter.swift */ = {isa = PBXFileReference; lastKnownFileType = sourcecode.swift; path = RepositoryDetailPresenter.swift; sourceTree = "<group>"; };
		0271DB8024D576DD009CDA8E /* RepositoryDetailInteractor.swift */ = {isa = PBXFileReference; lastKnownFileType = sourcecode.swift; path = RepositoryDetailInteractor.swift; sourceTree = "<group>"; };
		0271DB8224D576E8009CDA8E /* RepositoryDetailRouter.swift */ = {isa = PBXFileReference; lastKnownFileType = sourcecode.swift; path = RepositoryDetailRouter.swift; sourceTree = "<group>"; };
		0271DB8524D576F6009CDA8E /* RepositoryDetailView.swift */ = {isa = PBXFileReference; lastKnownFileType = sourcecode.swift; path = RepositoryDetailView.swift; sourceTree = "<group>"; };
/* End PBXFileReference section */

/* Begin PBXFrameworksBuildPhase section */
		02353E6B24CC478D006A71EC /* Frameworks */ = {
			isa = PBXFrameworksBuildPhase;
			buildActionMask = 2147483647;
			files = (
			);
			runOnlyForDeploymentPostprocessing = 0;
		};
		02353E7C24CC4790006A71EC /* Frameworks */ = {
			isa = PBXFrameworksBuildPhase;
			buildActionMask = 2147483647;
			files = (
			);
			runOnlyForDeploymentPostprocessing = 0;
		};
		02353E8724CC4791006A71EC /* Frameworks */ = {
			isa = PBXFrameworksBuildPhase;
			buildActionMask = 2147483647;
			files = (
			);
			runOnlyForDeploymentPostprocessing = 0;
		};
/* End PBXFrameworksBuildPhase section */

/* Begin PBXGroup section */
		02353E6524CC478D006A71EC = {
			isa = PBXGroup;
			children = (
				02353E7024CC478D006A71EC /* VIPERSample */,
				02353E8224CC4790006A71EC /* VIPERSampleTests */,
				02353E8D24CC4791006A71EC /* VIPERSampleUITests */,
				02353E6F24CC478D006A71EC /* Products */,
			);
			sourceTree = "<group>";
		};
		02353E6F24CC478D006A71EC /* Products */ = {
			isa = PBXGroup;
			children = (
				02353E6E24CC478D006A71EC /* VIPERSample.app */,
				02353E7F24CC4790006A71EC /* VIPERSampleTests.xctest */,
				02353E8A24CC4791006A71EC /* VIPERSampleUITests.xctest */,
			);
			name = Products;
			sourceTree = "<group>";
		};
		02353E7024CC478D006A71EC /* VIPERSample */ = {
			isa = PBXGroup;
			children = (
				02353E7124CC478D006A71EC /* VIPERSampleApp.swift */,
				02353E7324CC478D006A71EC /* ContentView.swift */,
				02353E9E24CC481D006A71EC /* Entities */,
				02353E9C24CC47A8006A71EC /* Repository List Module */,
				0271DB7524D575EE009CDA8E /* Bookmark List Module */,
				02353E9D24CC47B3006A71EC /* Repository Detail Module */,
				02353E7524CC4790006A71EC /* Assets.xcassets */,
				02353E7A24CC4790006A71EC /* Info.plist */,
				02353E7724CC4790006A71EC /* Preview Content */,
			);
			path = VIPERSample;
			sourceTree = "<group>";
		};
		02353E7724CC4790006A71EC /* Preview Content */ = {
			isa = PBXGroup;
			children = (
				02353E7824CC4790006A71EC /* Preview Assets.xcassets */,
			);
			path = "Preview Content";
			sourceTree = "<group>";
		};
		02353E8224CC4790006A71EC /* VIPERSampleTests */ = {
			isa = PBXGroup;
			children = (
				02353E8324CC4790006A71EC /* VIPERSampleTests.swift */,
				02353E8524CC4790006A71EC /* Info.plist */,
			);
			path = VIPERSampleTests;
			sourceTree = "<group>";
		};
		02353E8D24CC4791006A71EC /* VIPERSampleUITests */ = {
			isa = PBXGroup;
			children = (
				02353E8E24CC4791006A71EC /* VIPERSampleUITests.swift */,
				02353E9024CC4791006A71EC /* Info.plist */,
			);
			path = VIPERSampleUITests;
			sourceTree = "<group>";
		};
		02353E9C24CC47A8006A71EC /* Repository List Module */ = {
			isa = PBXGroup;
			children = (
				02353EA324CC4C8C006A71EC /* RepositoryListPresenter.swift */,
				02353EA724CC4DA6006A71EC /* RepositoryListInteractor.swift */,
				02353EA524CC4CA4006A71EC /* RepositoryListRouter.swift */,
				02353EA924CC4DF1006A71EC /* RepositoryListView.swift */,
			);
			path = "Repository List Module";
			sourceTree = "<group>";
		};
		02353E9D24CC47B3006A71EC /* Repository Detail Module */ = {
			isa = PBXGroup;
			children = (
				0271DB7E24D576D0009CDA8E /* RepositoryDetailPresenter.swift */,
				0271DB8024D576DD009CDA8E /* RepositoryDetailInteractor.swift */,
				0271DB8224D576E8009CDA8E /* RepositoryDetailRouter.swift */,
				0271DB8524D576F6009CDA8E /* RepositoryDetailView.swift */,
			);
			path = "Repository Detail Module";
			sourceTree = "<group>";
		};
		02353E9E24CC481D006A71EC /* Entities */ = {
			isa = PBXGroup;
			children = (
				02353E9F24CC4833006A71EC /* Repository.swift */,
				02353EA124CC4A06006A71EC /* SearchResultModel.swift */,
			);
			path = Entities;
			sourceTree = "<group>";
		};
		0271DB7524D575EE009CDA8E /* Bookmark List Module */ = {
			isa = PBXGroup;
			children = (
				0271DB7624D576A5009CDA8E /* BookmarkListPresenter.swift */,
				0271DB7824D576B2009CDA8E /* BookmarkListInteractor.swift */,
				0271DB7A24D576BB009CDA8E /* BookmarkListRouter.swift */,
				0271DB7C24D576C4009CDA8E /* BookmarkListView.swift */,
			);
			path = "Bookmark List Module";
			sourceTree = "<group>";
		};
/* End PBXGroup section */

/* Begin PBXNativeTarget section */
		02353E6D24CC478D006A71EC /* VIPERSample */ = {
			isa = PBXNativeTarget;
			buildConfigurationList = 02353E9324CC4791006A71EC /* Build configuration list for PBXNativeTarget "VIPERSample" */;
			buildPhases = (
				02353E6A24CC478D006A71EC /* Sources */,
				02353E6B24CC478D006A71EC /* Frameworks */,
				02353E6C24CC478D006A71EC /* Resources */,
			);
			buildRules = (
			);
			dependencies = (
			);
			name = VIPERSample;
			productName = VIPERSample;
			productReference = 02353E6E24CC478D006A71EC /* VIPERSample.app */;
			productType = "com.apple.product-type.application";
		};
		02353E7E24CC4790006A71EC /* VIPERSampleTests */ = {
			isa = PBXNativeTarget;
			buildConfigurationList = 02353E9624CC4791006A71EC /* Build configuration list for PBXNativeTarget "VIPERSampleTests" */;
			buildPhases = (
				02353E7B24CC4790006A71EC /* Sources */,
				02353E7C24CC4790006A71EC /* Frameworks */,
				02353E7D24CC4790006A71EC /* Resources */,
			);
			buildRules = (
			);
			dependencies = (
				02353E8124CC4790006A71EC /* PBXTargetDependency */,
			);
			name = VIPERSampleTests;
			productName = VIPERSampleTests;
			productReference = 02353E7F24CC4790006A71EC /* VIPERSampleTests.xctest */;
			productType = "com.apple.product-type.bundle.unit-test";
		};
		02353E8924CC4791006A71EC /* VIPERSampleUITests */ = {
			isa = PBXNativeTarget;
			buildConfigurationList = 02353E9924CC4791006A71EC /* Build configuration list for PBXNativeTarget "VIPERSampleUITests" */;
			buildPhases = (
				02353E8624CC4791006A71EC /* Sources */,
				02353E8724CC4791006A71EC /* Frameworks */,
				02353E8824CC4791006A71EC /* Resources */,
			);
			buildRules = (
			);
			dependencies = (
				02353E8C24CC4791006A71EC /* PBXTargetDependency */,
			);
			name = VIPERSampleUITests;
			productName = VIPERSampleUITests;
			productReference = 02353E8A24CC4791006A71EC /* VIPERSampleUITests.xctest */;
			productType = "com.apple.product-type.bundle.ui-testing";
		};
/* End PBXNativeTarget section */

/* Begin PBXProject section */
		02353E6624CC478D006A71EC /* Project object */ = {
			isa = PBXProject;
			attributes = {
				LastSwiftUpdateCheck = 1200;
				LastUpgradeCheck = 1200;
				TargetAttributes = {
					02353E6D24CC478D006A71EC = {
						CreatedOnToolsVersion = 12.0;
					};
					02353E7E24CC4790006A71EC = {
						CreatedOnToolsVersion = 12.0;
						TestTargetID = 02353E6D24CC478D006A71EC;
					};
					02353E8924CC4791006A71EC = {
						CreatedOnToolsVersion = 12.0;
						TestTargetID = 02353E6D24CC478D006A71EC;
					};
				};
			};
			buildConfigurationList = 02353E6924CC478D006A71EC /* Build configuration list for PBXProject "VIPERSample" */;
			compatibilityVersion = "Xcode 9.3";
			developmentRegion = en;
			hasScannedForEncodings = 0;
			knownRegions = (
				en,
				Base,
			);
			mainGroup = 02353E6524CC478D006A71EC;
			productRefGroup = 02353E6F24CC478D006A71EC /* Products */;
			projectDirPath = "";
			projectRoot = "";
			targets = (
				02353E6D24CC478D006A71EC /* VIPERSample */,
				02353E7E24CC4790006A71EC /* VIPERSampleTests */,
				02353E8924CC4791006A71EC /* VIPERSampleUITests */,
			);
		};
/* End PBXProject section */

/* Begin PBXResourcesBuildPhase section */
		02353E6C24CC478D006A71EC /* Resources */ = {
			isa = PBXResourcesBuildPhase;
			buildActionMask = 2147483647;
			files = (
				02353E7924CC4790006A71EC /* Preview Assets.xcassets in Resources */,
				02353E7624CC4790006A71EC /* Assets.xcassets in Resources */,
			);
			runOnlyForDeploymentPostprocessing = 0;
		};
		02353E7D24CC4790006A71EC /* Resources */ = {
			isa = PBXResourcesBuildPhase;
			buildActionMask = 2147483647;
			files = (
			);
			runOnlyForDeploymentPostprocessing = 0;
		};
		02353E8824CC4791006A71EC /* Resources */ = {
			isa = PBXResourcesBuildPhase;
			buildActionMask = 2147483647;
			files = (
			);
			runOnlyForDeploymentPostprocessing = 0;
		};
/* End PBXResourcesBuildPhase section */

/* Begin PBXSourcesBuildPhase section */
		02353E6A24CC478D006A71EC /* Sources */ = {
			isa = PBXSourcesBuildPhase;
			buildActionMask = 2147483647;
			files = (
				02353EA024CC4833006A71EC /* Repository.swift in Sources */,
				02353EA224CC4A06006A71EC /* SearchResultModel.swift in Sources */,
				0271DB7F24D576D0009CDA8E /* RepositoryDetailPresenter.swift in Sources */,
				0271DB8624D576F6009CDA8E /* RepositoryDetailView.swift in Sources */,
				02353EA424CC4C8C006A71EC /* RepositoryListPresenter.swift in Sources */,
				02353EA624CC4CA4006A71EC /* RepositoryListRouter.swift in Sources */,
				0271DB7724D576A5009CDA8E /* BookmarkListPresenter.swift in Sources */,
				02353E7424CC478D006A71EC /* ContentView.swift in Sources */,
				0271DB7D24D576C4009CDA8E /* BookmarkListView.swift in Sources */,
				0271DB8124D576DD009CDA8E /* RepositoryDetailInteractor.swift in Sources */,
				0271DB7924D576B2009CDA8E /* BookmarkListInteractor.swift in Sources */,
				0271DB8324D576E8009CDA8E /* RepositoryDetailRouter.swift in Sources */,
				02353EA824CC4DA6006A71EC /* RepositoryListInteractor.swift in Sources */,
				0271DB7B24D576BB009CDA8E /* BookmarkListRouter.swift in Sources */,
				02353E7224CC478D006A71EC /* VIPERSampleApp.swift in Sources */,
				02353EAA24CC4DF1006A71EC /* RepositoryListView.swift in Sources */,
			);
			runOnlyForDeploymentPostprocessing = 0;
		};
		02353E7B24CC4790006A71EC /* Sources */ = {
			isa = PBXSourcesBuildPhase;
			buildActionMask = 2147483647;
			files = (
				02353E8424CC4790006A71EC /* VIPERSampleTests.swift in Sources */,
			);
			runOnlyForDeploymentPostprocessing = 0;
		};
		02353E8624CC4791006A71EC /* Sources */ = {
			isa = PBXSourcesBuildPhase;
			buildActionMask = 2147483647;
			files = (
				02353E8F24CC4791006A71EC /* VIPERSampleUITests.swift in Sources */,
			);
			runOnlyForDeploymentPostprocessing = 0;
		};
/* End PBXSourcesBuildPhase section */

/* Begin PBXTargetDependency section */
		02353E8124CC4790006A71EC /* PBXTargetDependency */ = {
			isa = PBXTargetDependency;
			target = 02353E6D24CC478D006A71EC /* VIPERSample */;
			targetProxy = 02353E8024CC4790006A71EC /* PBXContainerItemProxy */;
		};
		02353E8C24CC4791006A71EC /* PBXTargetDependency */ = {
			isa = PBXTargetDependency;
			target = 02353E6D24CC478D006A71EC /* VIPERSample */;
			targetProxy = 02353E8B24CC4791006A71EC /* PBXContainerItemProxy */;
		};
/* End PBXTargetDependency section */

/* Begin XCBuildConfiguration section */
		02353E9124CC4791006A71EC /* Debug */ = {
			isa = XCBuildConfiguration;
			buildSettings = {
				ALWAYS_SEARCH_USER_PATHS = NO;
				CLANG_ANALYZER_NONNULL = YES;
				CLANG_ANALYZER_NUMBER_OBJECT_CONVERSION = YES_AGGRESSIVE;
				CLANG_CXX_LANGUAGE_STANDARD = "gnu++14";
				CLANG_CXX_LIBRARY = "libc++";
				CLANG_ENABLE_MODULES = YES;
				CLANG_ENABLE_OBJC_ARC = YES;
				CLANG_ENABLE_OBJC_WEAK = YES;
				CLANG_WARN_BLOCK_CAPTURE_AUTORELEASING = YES;
				CLANG_WARN_BOOL_CONVERSION = YES;
				CLANG_WARN_COMMA = YES;
				CLANG_WARN_CONSTANT_CONVERSION = YES;
				CLANG_WARN_DEPRECATED_OBJC_IMPLEMENTATIONS = YES;
				CLANG_WARN_DIRECT_OBJC_ISA_USAGE = YES_ERROR;
				CLANG_WARN_DOCUMENTATION_COMMENTS = YES;
				CLANG_WARN_EMPTY_BODY = YES;
				CLANG_WARN_ENUM_CONVERSION = YES;
				CLANG_WARN_INFINITE_RECURSION = YES;
				CLANG_WARN_INT_CONVERSION = YES;
				CLANG_WARN_NON_LITERAL_NULL_CONVERSION = YES;
				CLANG_WARN_OBJC_IMPLICIT_RETAIN_SELF = YES;
				CLANG_WARN_OBJC_LITERAL_CONVERSION = YES;
				CLANG_WARN_OBJC_ROOT_CLASS = YES_ERROR;
				CLANG_WARN_QUOTED_INCLUDE_IN_FRAMEWORK_HEADER = YES;
				CLANG_WARN_RANGE_LOOP_ANALYSIS = YES;
				CLANG_WARN_STRICT_PROTOTYPES = YES;
				CLANG_WARN_SUSPICIOUS_MOVE = YES;
				CLANG_WARN_UNGUARDED_AVAILABILITY = YES_AGGRESSIVE;
				CLANG_WARN_UNREACHABLE_CODE = YES;
				CLANG_WARN__DUPLICATE_METHOD_MATCH = YES;
				COPY_PHASE_STRIP = NO;
				DEBUG_INFORMATION_FORMAT = dwarf;
				ENABLE_STRICT_OBJC_MSGSEND = YES;
				ENABLE_TESTABILITY = YES;
				GCC_C_LANGUAGE_STANDARD = gnu11;
				GCC_DYNAMIC_NO_PIC = NO;
				GCC_NO_COMMON_BLOCKS = YES;
				GCC_OPTIMIZATION_LEVEL = 0;
				GCC_PREPROCESSOR_DEFINITIONS = (
					"DEBUG=1",
					"$(inherited)",
				);
				GCC_WARN_64_TO_32_BIT_CONVERSION = YES;
				GCC_WARN_ABOUT_RETURN_TYPE = YES_ERROR;
				GCC_WARN_UNDECLARED_SELECTOR = YES;
				GCC_WARN_UNINITIALIZED_AUTOS = YES_AGGRESSIVE;
				GCC_WARN_UNUSED_FUNCTION = YES;
				GCC_WARN_UNUSED_VARIABLE = YES;
				IPHONEOS_DEPLOYMENT_TARGET = 14.0;
				MTL_ENABLE_DEBUG_INFO = INCLUDE_SOURCE;
				MTL_FAST_MATH = YES;
				ONLY_ACTIVE_ARCH = YES;
				SDKROOT = iphoneos;
				SWIFT_ACTIVE_COMPILATION_CONDITIONS = DEBUG;
				SWIFT_OPTIMIZATION_LEVEL = "-Onone";
			};
			name = Debug;
		};
		02353E9224CC4791006A71EC /* Release */ = {
			isa = XCBuildConfiguration;
			buildSettings = {
				ALWAYS_SEARCH_USER_PATHS = NO;
				CLANG_ANALYZER_NONNULL = YES;
				CLANG_ANALYZER_NUMBER_OBJECT_CONVERSION = YES_AGGRESSIVE;
				CLANG_CXX_LANGUAGE_STANDARD = "gnu++14";
				CLANG_CXX_LIBRARY = "libc++";
				CLANG_ENABLE_MODULES = YES;
				CLANG_ENABLE_OBJC_ARC = YES;
				CLANG_ENABLE_OBJC_WEAK = YES;
				CLANG_WARN_BLOCK_CAPTURE_AUTORELEASING = YES;
				CLANG_WARN_BOOL_CONVERSION = YES;
				CLANG_WARN_COMMA = YES;
				CLANG_WARN_CONSTANT_CONVERSION = YES;
				CLANG_WARN_DEPRECATED_OBJC_IMPLEMENTATIONS = YES;
				CLANG_WARN_DIRECT_OBJC_ISA_USAGE = YES_ERROR;
				CLANG_WARN_DOCUMENTATION_COMMENTS = YES;
				CLANG_WARN_EMPTY_BODY = YES;
				CLANG_WARN_ENUM_CONVERSION = YES;
				CLANG_WARN_INFINITE_RECURSION = YES;
				CLANG_WARN_INT_CONVERSION = YES;
				CLANG_WARN_NON_LITERAL_NULL_CONVERSION = YES;
				CLANG_WARN_OBJC_IMPLICIT_RETAIN_SELF = YES;
				CLANG_WARN_OBJC_LITERAL_CONVERSION = YES;
				CLANG_WARN_OBJC_ROOT_CLASS = YES_ERROR;
				CLANG_WARN_QUOTED_INCLUDE_IN_FRAMEWORK_HEADER = YES;
				CLANG_WARN_RANGE_LOOP_ANALYSIS = YES;
				CLANG_WARN_STRICT_PROTOTYPES = YES;
				CLANG_WARN_SUSPICIOUS_MOVE = YES;
				CLANG_WARN_UNGUARDED_AVAILABILITY = YES_AGGRESSIVE;
				CLANG_WARN_UNREACHABLE_CODE = YES;
				CLANG_WARN__DUPLICATE_METHOD_MATCH = YES;
				COPY_PHASE_STRIP = NO;
				DEBUG_INFORMATION_FORMAT = "dwarf-with-dsym";
				ENABLE_NS_ASSERTIONS = NO;
				ENABLE_STRICT_OBJC_MSGSEND = YES;
				GCC_C_LANGUAGE_STANDARD = gnu11;
				GCC_NO_COMMON_BLOCKS = YES;
				GCC_WARN_64_TO_32_BIT_CONVERSION = YES;
				GCC_WARN_ABOUT_RETURN_TYPE = YES_ERROR;
				GCC_WARN_UNDECLARED_SELECTOR = YES;
				GCC_WARN_UNINITIALIZED_AUTOS = YES_AGGRESSIVE;
				GCC_WARN_UNUSED_FUNCTION = YES;
				GCC_WARN_UNUSED_VARIABLE = YES;
				IPHONEOS_DEPLOYMENT_TARGET = 14.0;
				MTL_ENABLE_DEBUG_INFO = NO;
				MTL_FAST_MATH = YES;
				SDKROOT = iphoneos;
				SWIFT_COMPILATION_MODE = wholemodule;
				SWIFT_OPTIMIZATION_LEVEL = "-O";
				VALIDATE_PRODUCT = YES;
			};
			name = Release;
		};
		02353E9424CC4791006A71EC /* Debug */ = {
			isa = XCBuildConfiguration;
			buildSettings = {
				ASSETCATALOG_COMPILER_APPICON_NAME = AppIcon;
				ASSETCATALOG_COMPILER_GLOBAL_ACCENT_COLOR_NAME = AccentColor;
				CODE_SIGN_STYLE = Automatic;
				DEVELOPMENT_ASSET_PATHS = "\"VIPERSample/Preview Content\"";
				ENABLE_PREVIEWS = YES;
				INFOPLIST_FILE = VIPERSample/Info.plist;
				IPHONEOS_DEPLOYMENT_TARGET = 14.0;
				LD_RUNPATH_SEARCH_PATHS = (
					"$(inherited)",
					"@executable_path/Frameworks",
				);
				PRODUCT_BUNDLE_IDENTIFIER = com.p0dee.VIPERSample;
				PRODUCT_NAME = "$(TARGET_NAME)";
				SWIFT_VERSION = 5.0;
				TARGETED_DEVICE_FAMILY = "1,2";
			};
			name = Debug;
		};
		02353E9524CC4791006A71EC /* Release */ = {
			isa = XCBuildConfiguration;
			buildSettings = {
				ASSETCATALOG_COMPILER_APPICON_NAME = AppIcon;
				ASSETCATALOG_COMPILER_GLOBAL_ACCENT_COLOR_NAME = AccentColor;
				CODE_SIGN_STYLE = Automatic;
				DEVELOPMENT_ASSET_PATHS = "\"VIPERSample/Preview Content\"";
				ENABLE_PREVIEWS = YES;
				INFOPLIST_FILE = VIPERSample/Info.plist;
				IPHONEOS_DEPLOYMENT_TARGET = 14.0;
				LD_RUNPATH_SEARCH_PATHS = (
					"$(inherited)",
					"@executable_path/Frameworks",
				);
				PRODUCT_BUNDLE_IDENTIFIER = com.p0dee.VIPERSample;
				PRODUCT_NAME = "$(TARGET_NAME)";
				SWIFT_VERSION = 5.0;
				TARGETED_DEVICE_FAMILY = "1,2";
			};
			name = Release;
		};
		02353E9724CC4791006A71EC /* Debug */ = {
			isa = XCBuildConfiguration;
			buildSettings = {
				ALWAYS_EMBED_SWIFT_STANDARD_LIBRARIES = YES;
				BUNDLE_LOADER = "$(TEST_HOST)";
				CODE_SIGN_STYLE = Automatic;
				INFOPLIST_FILE = VIPERSampleTests/Info.plist;
				IPHONEOS_DEPLOYMENT_TARGET = 14.0;
				LD_RUNPATH_SEARCH_PATHS = (
					"$(inherited)",
					"@executable_path/Frameworks",
					"@loader_path/Frameworks",
				);
				PRODUCT_BUNDLE_IDENTIFIER = com.p0dee.VIPERSampleTests;
				PRODUCT_NAME = "$(TARGET_NAME)";
				SWIFT_VERSION = 5.0;
				TARGETED_DEVICE_FAMILY = "1,2";
				TEST_HOST = "$(BUILT_PRODUCTS_DIR)/VIPERSample.app/VIPERSample";
			};
			name = Debug;
		};
		02353E9824CC4791006A71EC /* Release */ = {
			isa = XCBuildConfiguration;
			buildSettings = {
				ALWAYS_EMBED_SWIFT_STANDARD_LIBRARIES = YES;
				BUNDLE_LOADER = "$(TEST_HOST)";
				CODE_SIGN_STYLE = Automatic;
				INFOPLIST_FILE = VIPERSampleTests/Info.plist;
				IPHONEOS_DEPLOYMENT_TARGET = 14.0;
				LD_RUNPATH_SEARCH_PATHS = (
					"$(inherited)",
					"@executable_path/Frameworks",
					"@loader_path/Frameworks",
				);
				PRODUCT_BUNDLE_IDENTIFIER = com.p0dee.VIPERSampleTests;
				PRODUCT_NAME = "$(TARGET_NAME)";
				SWIFT_VERSION = 5.0;
				TARGETED_DEVICE_FAMILY = "1,2";
				TEST_HOST = "$(BUILT_PRODUCTS_DIR)/VIPERSample.app/VIPERSample";
			};
			name = Release;
		};
		02353E9A24CC4791006A71EC /* Debug */ = {
			isa = XCBuildConfiguration;
			buildSettings = {
				ALWAYS_EMBED_SWIFT_STANDARD_LIBRARIES = YES;
				CODE_SIGN_STYLE = Automatic;
				INFOPLIST_FILE = VIPERSampleUITests/Info.plist;
				LD_RUNPATH_SEARCH_PATHS = (
					"$(inherited)",
					"@executable_path/Frameworks",
					"@loader_path/Frameworks",
				);
				PRODUCT_BUNDLE_IDENTIFIER = com.p0dee.VIPERSampleUITests;
				PRODUCT_NAME = "$(TARGET_NAME)";
				SWIFT_VERSION = 5.0;
				TARGETED_DEVICE_FAMILY = "1,2";
				TEST_TARGET_NAME = VIPERSample;
			};
			name = Debug;
		};
		02353E9B24CC4791006A71EC /* Release */ = {
			isa = XCBuildConfiguration;
			buildSettings = {
				ALWAYS_EMBED_SWIFT_STANDARD_LIBRARIES = YES;
				CODE_SIGN_STYLE = Automatic;
				INFOPLIST_FILE = VIPERSampleUITests/Info.plist;
				LD_RUNPATH_SEARCH_PATHS = (
					"$(inherited)",
					"@executable_path/Frameworks",
					"@loader_path/Frameworks",
				);
				PRODUCT_BUNDLE_IDENTIFIER = com.p0dee.VIPERSampleUITests;
				PRODUCT_NAME = "$(TARGET_NAME)";
				SWIFT_VERSION = 5.0;
				TARGETED_DEVICE_FAMILY = "1,2";
				TEST_TARGET_NAME = VIPERSample;
			};
			name = Release;
		};
/* End XCBuildConfiguration section */

/* Begin XCConfigurationList section */
		02353E6924CC478D006A71EC /* Build configuration list for PBXProject "VIPERSample" */ = {
			isa = XCConfigurationList;
			buildConfigurations = (
				02353E9124CC4791006A71EC /* Debug */,
				02353E9224CC4791006A71EC /* Release */,
			);
			defaultConfigurationIsVisible = 0;
			defaultConfigurationName = Release;
		};
		02353E9324CC4791006A71EC /* Build configuration list for PBXNativeTarget "VIPERSample" */ = {
			isa = XCConfigurationList;
			buildConfigurations = (
				02353E9424CC4791006A71EC /* Debug */,
				02353E9524CC4791006A71EC /* Release */,
			);
			defaultConfigurationIsVisible = 0;
			defaultConfigurationName = Release;
		};
		02353E9624CC4791006A71EC /* Build configuration list for PBXNativeTarget "VIPERSampleTests" */ = {
			isa = XCConfigurationList;
			buildConfigurations = (
				02353E9724CC4791006A71EC /* Debug */,
				02353E9824CC4791006A71EC /* Release */,
			);
			defaultConfigurationIsVisible = 0;
			defaultConfigurationName = Release;
		};
		02353E9924CC4791006A71EC /* Build configuration list for PBXNativeTarget "VIPERSampleUITests" */ = {
			isa = XCConfigurationList;
			buildConfigurations = (
				02353E9A24CC4791006A71EC /* Debug */,
				02353E9B24CC4791006A71EC /* Release */,
			);
			defaultConfigurationIsVisible = 0;
			defaultConfigurationName = Release;
		};
/* End XCConfigurationList section */
	};
	rootObject = 02353E6624CC478D006A71EC /* Project object */;
}
